
Microsoft Visual Studio Solution File, Format Version 12.00
# Visual Studio 15
VisualStudioVersion = 15.0.26228.10
MinimumVisualStudioVersion = 10.0.40219.1
Project("{8BC9CEB8-8B4A-11D0-8D11-00A0C91BC942}") = "Engine", "Engine\Engine.vcxproj", "{11566713-3302-4859-9538-0904DCEBD9C7}"
EndProject
Project("{8BC9CEB8-8B4A-11D0-8D11-00A0C91BC942}") = "Test", "Test\Test.vcxproj", "{01625EAC-6BA2-49B0-8043-677EACC156A0}"
	ProjectSection(ProjectDependencies) = postProject
		{11566713-3302-4859-9538-0904DCEBD9C7} = {11566713-3302-4859-9538-0904DCEBD9C7}
	EndProjectSection
EndProject
Project("{8BC9CEB8-8B4A-11D0-8D11-00A0C91BC942}") = "Application", "Application\Application.vcxproj", "{422D7D51-58BE-4EBA-A812-D9C416F9BACB}"
	ProjectSection(ProjectDependencies) = postProject
		{11566713-3302-4859-9538-0904DCEBD9C7} = {11566713-3302-4859-9538-0904DCEBD9C7}
		{01625EAC-6BA2-49B0-8043-677EACC156A0} = {01625EAC-6BA2-49B0-8043-677EACC156A0}
	EndProjectSection
EndProject
Global
	GlobalSection(SolutionConfigurationPlatforms) = preSolution
		Debug|x64 = Debug|x64
		Debug|x86 = Debug|x86
		Release|x64 = Release|x64
		Release|x86 = Release|x86
	EndGlobalSection
	GlobalSection(ProjectConfigurationPlatforms) = postSolution
		{11566713-3302-4859-9538-0904DCEBD9C7}.Debug|x64.ActiveCfg = Debug|x64
		{11566713-3302-4859-9538-0904DCEBD9C7}.Debug|x64.Build.0 = Debug|x64
		{11566713-3302-4859-9538-0904DCEBD9C7}.Debug|x86.ActiveCfg = Debug|Win32
		{11566713-3302-4859-9538-0904DCEBD9C7}.Debug|x86.Build.0 = Debug|Win32
		{11566713-3302-4859-9538-0904DCEBD9C7}.Release|x64.ActiveCfg = Release|x64
		{11566713-3302-4859-9538-0904DCEBD9C7}.Release|x64.Build.0 = Release|x64
		{11566713-3302-4859-9538-0904DCEBD9C7}.Release|x86.ActiveCfg = Release|Win32
		{11566713-3302-4859-9538-0904DCEBD9C7}.Release|x86.Build.0 = Release|Win32
		{01625EAC-6BA2-49B0-8043-677EACC156A0}.Debug|x64.ActiveCfg = Debug|x64
		{01625EAC-6BA2-49B0-8043-677EACC156A0}.Debug|x64.Build.0 = Debug|x64
		{01625EAC-6BA2-49B0-8043-677EACC156A0}.Debug|x86.ActiveCfg = Debug|Win32
		{01625EAC-6BA2-49B0-8043-677EACC156A0}.Debug|x86.Build.0 = Debug|Win32
		{01625EAC-6BA2-49B0-8043-677EACC156A0}.Release|x64.ActiveCfg = Release|x64
		{01625EAC-6BA2-49B0-8043-677EACC156A0}.Release|x64.Build.0 = Release|x64
		{01625EAC-6BA2-49B0-8043-677EACC156A0}.Release|x86.ActiveCfg = Release|Win32
		{01625EAC-6BA2-49B0-8043-677EACC156A0}.Release|x86.Build.0 = Release|Win32
		{422D7D51-58BE-4EBA-A812-D9C416F9BACB}.Debug|x64.ActiveCfg = Debug|x64
		{422D7D51-58BE-4EBA-A812-D9C416F9BACB}.Debug|x64.Build.0 = Debug|x64
		{422D7D51-58BE-4EBA-A812-D9C416F9BACB}.Debug|x86.ActiveCfg = Debug|Win32
		{422D7D51-58BE-4EBA-A812-D9C416F9BACB}.Debug|x86.Build.0 = Debug|Win32
		{422D7D51-58BE-4EBA-A812-D9C416F9BACB}.Release|x64.ActiveCfg = Release|x64
		{422D7D51-58BE-4EBA-A812-D9C416F9BACB}.Release|x64.Build.0 = Release|x64
		{422D7D51-58BE-4EBA-A812-D9C416F9BACB}.Release|x86.ActiveCfg = Release|Win32
		{422D7D51-58BE-4EBA-A812-D9C416F9BACB}.Release|x86.Build.0 = Release|Win32
	EndGlobalSection
	GlobalSection(SolutionProperties) = preSolution
		HideSolutionNode = FALSE
	EndGlobalSection
EndGlobal
